// !$*UTF8*$!
{
	archiveVersion = 1;
	classes = {
	};
	objectVersion = 46;
	objects = {

/* Begin PBXBuildFile section */
		FC29C1231E68CCF10077EDC7 /* AppDelegate.swift in Sources */ = {isa = PBXBuildFile; fileRef = FC29C1221E68CCF10077EDC7 /* AppDelegate.swift */; };
		FC29C1251E68CCF10077EDC7 /* ViewController.swift in Sources */ = {isa = PBXBuildFile; fileRef = FC29C1241E68CCF10077EDC7 /* ViewController.swift */; };
		FC29C1281E68CCF10077EDC7 /* Main.storyboard in Resources */ = {isa = PBXBuildFile; fileRef = FC29C1261E68CCF10077EDC7 /* Main.storyboard */; };
		FC29C12A1E68CCF10077EDC7 /* Assets.xcassets in Resources */ = {isa = PBXBuildFile; fileRef = FC29C1291E68CCF10077EDC7 /* Assets.xcassets */; };
		FC29C12D1E68CCF10077EDC7 /* LaunchScreen.storyboard in Resources */ = {isa = PBXBuildFile; fileRef = FC29C12B1E68CCF10077EDC7 /* LaunchScreen.storyboard */; };
		FC29C1351E68D1C80077EDC7 /* InnerViewController.swift in Sources */ = {isa = PBXBuildFile; fileRef = FC29C1341E68D1C80077EDC7 /* InnerViewController.swift */; };
		FC29C1371E69EC200077EDC7 /* ReplaceViewController.swift in Sources */ = {isa = PBXBuildFile; fileRef = FC29C1361E69EC200077EDC7 /* ReplaceViewController.swift */; };
/* End PBXBuildFile section */

/* Begin PBXFileReference section */
		FC29C11F1E68CCF10077EDC7 /* constraint animation.app */ = {isa = PBXFileReference; explicitFileType = wrapper.application; includeInIndex = 0; path = "constraint animation.app"; sourceTree = BUILT_PRODUCTS_DIR; };
		FC29C1221E68CCF10077EDC7 /* AppDelegate.swift */ = {isa = PBXFileReference; lastKnownFileType = sourcecode.swift; path = AppDelegate.swift; sourceTree = "<group>"; };
		FC29C1241E68CCF10077EDC7 /* ViewController.swift */ = {isa = PBXFileReference; lastKnownFileType = sourcecode.swift; path = ViewController.swift; sourceTree = "<group>"; };
		FC29C1271E68CCF10077EDC7 /* Base */ = {isa = PBXFileReference; lastKnownFileType = file.storyboard; name = Base; path = Base.lproj/Main.storyboard; sourceTree = "<group>"; };
		FC29C1291E68CCF10077EDC7 /* Assets.xcassets */ = {isa = PBXFileReference; lastKnownFileType = folder.assetcatalog; path = Assets.xcassets; sourceTree = "<group>"; };
		FC29C12C1E68CCF10077EDC7 /* Base */ = {isa = PBXFileReference; lastKnownFileType = file.storyboard; name = Base; path = Base.lproj/LaunchScreen.storyboard; sourceTree = "<group>"; };
		FC29C12E1E68CCF10077EDC7 /* Info.plist */ = {isa = PBXFileReference; lastKnownFileType = text.plist.xml; path = Info.plist; sourceTree = "<group>"; };
		FC29C1341E68D1C80077EDC7 /* InnerViewController.swift */ = {isa = PBXFileReference; fileEncoding = 4; lastKnownFileType = sourcecode.swift; path = InnerViewController.swift; sourceTree = "<group>"; };
		FC29C1361E69EC200077EDC7 /* ReplaceViewController.swift */ = {isa = PBXFileReference; fileEncoding = 4; lastKnownFileType = sourcecode.swift; path = ReplaceViewController.swift; sourceTree = "<group>"; };
/* End PBXFileReference section */

/* Begin PBXFrameworksBuildPhase section */
		FC29C11C1E68CCF10077EDC7 /* Frameworks */ = {
			isa = PBXFrameworksBuildPhase;
			buildActionMask = 2147483647;
			files = (
			);
			runOnlyForDeploymentPostprocessing = 0;
		};
/* End PBXFrameworksBuildPhase section */

/* Begin PBXGroup section */
		FC29C1161E68CCF10077EDC7 = {
			isa = PBXGroup;
			children = (
				FC29C1211E68CCF10077EDC7 /* constraint animation */,
				FC29C1201E68CCF10077EDC7 /* Products */,
			);
			sourceTree = "<group>";
		};
		FC29C1201E68CCF10077EDC7 /* Products */ = {
			isa = PBXGroup;
			children = (
				FC29C11F1E68CCF10077EDC7 /* constraint animation.app */,
			);
			name = Products;
			sourceTree = "<group>";
		};
		FC29C1211E68CCF10077EDC7 /* constraint animation */ = {
			isa = PBXGroup;
			children = (
				FC29C1221E68CCF10077EDC7 /* AppDelegate.swift */,
				FC29C1241E68CCF10077EDC7 /* ViewController.swift */,
				FC29C1261E68CCF10077EDC7 /* Main.storyboard */,
				FC29C1291E68CCF10077EDC7 /* Assets.xcassets */,
				FC29C12B1E68CCF10077EDC7 /* LaunchScreen.storyboard */,
				FC29C12E1E68CCF10077EDC7 /* Info.plist */,
				FC29C1341E68D1C80077EDC7 /* InnerViewController.swift */,
				FC29C1361E69EC200077EDC7 /* ReplaceViewController.swift */,
			);
			path = "constraint animation";
			sourceTree = "<group>";
		};
/* End PBXGroup section */

/* Begin PBXNativeTarget section */
		FC29C11E1E68CCF10077EDC7 /* constraint animation */ = {
			isa = PBXNativeTarget;
			buildConfigurationList = FC29C1311E68CCF10077EDC7 /* Build configuration list for PBXNativeTarget "constraint animation" */;
			buildPhases = (
				FC29C11B1E68CCF10077EDC7 /* Sources */,
				FC29C11C1E68CCF10077EDC7 /* Frameworks */,
				FC29C11D1E68CCF10077EDC7 /* Resources */,
			);
			buildRules = (
			);
			dependencies = (
			);
			name = "constraint animation";
			productName = "constraint animation";
			productReference = FC29C11F1E68CCF10077EDC7 /* constraint animation.app */;
			productType = "com.apple.product-type.application";
		};
/* End PBXNativeTarget section */

/* Begin PBXProject section */
		FC29C1171E68CCF10077EDC7 /* Project object */ = {
			isa = PBXProject;
			attributes = {
				LastSwiftUpdateCheck = 0820;
				LastUpgradeCheck = 0820;
				ORGANIZATIONNAME = trahey;
				TargetAttributes = {
					FC29C11E1E68CCF10077EDC7 = {
						CreatedOnToolsVersion = 8.2.1;
						ProvisioningStyle = Automatic;
					};
				};
			};
			buildConfigurationList = FC29C11A1E68CCF10077EDC7 /* Build configuration list for PBXProject "constraint animation" */;
			compatibilityVersion = "Xcode 3.2";
			developmentRegion = English;
			hasScannedForEncodings = 0;
			knownRegions = (
				en,
				Base,
			);
			mainGroup = FC29C1161E68CCF10077EDC7;
			productRefGroup = FC29C1201E68CCF10077EDC7 /* Products */;
			projectDirPath = "";
			projectRoot = "";
			targets = (
				FC29C11E1E68CCF10077EDC7 /* constraint animation */,
			);
		};
/* End PBXProject section */

/* Begin PBXResourcesBuildPhase section */
		FC29C11D1E68CCF10077EDC7 /* Resources */ = {
			isa = PBXResourcesBuildPhase;
			buildActionMask = 2147483647;
			files = (
				FC29C12D1E68CCF10077EDC7 /* LaunchScreen.storyboard in Resources */,
				FC29C12A1E68CCF10077EDC7 /* Assets.xcassets in Resources */,
				FC29C1281E68CCF10077EDC7 /* Main.storyboard in Resources */,
			);
			runOnlyForDeploymentPostprocessing = 0;
		};
/* End PBXResourcesBuildPhase section */

/* Begin PBXSourcesBuildPhase section */
		FC29C11B1E68CCF10077EDC7 /* Sources */ = {
			isa = PBXSourcesBuildPhase;
			buildActionMask = 2147483647;
			files = (
				FC29C1351E68D1C80077EDC7 /* InnerViewController.swift in Sources */,
				FC29C1371E69EC200077EDC7 /* ReplaceViewController.swift in Sources */,
				FC29C1251E68CCF10077EDC7 /* ViewController.swift in Sources */,
				FC29C1231E68CCF10077EDC7 /* AppDelegate.swift in Sources */,
			);
			runOnlyForDeploymentPostprocessing = 0;
		};
/* End PBXSourcesBuildPhase section */

/* Begin PBXVariantGroup section */
		FC29C1261E68CCF10077EDC7 /* Main.storyboard */ = {
			isa = PBXVariantGroup;
			children = (
				FC29C1271E68CCF10077EDC7 /* Base */,
			);
			name = Main.storyboard;
			sourceTree = "<group>";
		};
		FC29C12B1E68CCF10077EDC7 /* LaunchScreen.storyboard */ = {
			isa = PBXVariantGroup;
			children = (
				FC29C12C1E68CCF10077EDC7 /* Base */,
			);
			name = LaunchScreen.storyboard;
			sourceTree = "<group>";
		};
/* End PBXVariantGroup section */

/* Begin XCBuildConfiguration section */
		FC29C12F1E68CCF10077EDC7 /* Debug */ = {
			isa = XCBuildConfiguration;
			buildSettings = {
				ALWAYS_SEARCH_USER_PATHS = NO;
				CLANG_ANALYZER_NONNULL = YES;
				CLANG_CXX_LANGUAGE_STANDARD = "gnu++0x";
				CLANG_CXX_LIBRARY = "libc++";
				CLANG_ENABLE_MODULES = YES;
				CLANG_ENABLE_OBJC_ARC = YES;
				CLANG_WARN_BOOL_CONVERSION = YES;
				CLANG_WARN_CONSTANT_CONVERSION = YES;
				CLANG_WARN_DIRECT_OBJC_ISA_USAGE = YES_ERROR;
				CLANG_WARN_DOCUMENTATION_COMMENTS = YES;
				CLANG_WARN_EMPTY_BODY = YES;
				CLANG_WARN_ENUM_CONVERSION = YES;
				CLANG_WARN_INFINITE_RECURSION = YES;
				CLANG_WARN_INT_CONVERSION = YES;
				CLANG_WARN_OBJC_ROOT_CLASS = YES_ERROR;
				CLANG_WARN_SUSPICIOUS_MOVE = YES;
				CLANG_WARN_UNREACHABLE_CODE = YES;
				CLANG_WARN__DUPLICATE_METHOD_MATCH = YES;
				"CODE_SIGN_IDENTITY[sdk=iphoneos*]" = "iPhone Developer";
				COPY_PHASE_STRIP = NO;
				DEBUG_INFORMATION_FORMAT = dwarf;
				ENABLE_STRICT_OBJC_MSGSEND = YES;
				ENABLE_TESTABILITY = YES;
				GCC_C_LANGUAGE_STANDARD = gnu99;
				GCC_DYNAMIC_NO_PIC = NO;
				GCC_NO_COMMON_BLOCKS = YES;
				GCC_OPTIMIZATION_LEVEL = 0;
				GCC_PREPROCESSOR_DEFINITIONS = (
					"DEBUG=1",
					"$(inherited)",
				);
				GCC_WARN_64_TO_32_BIT_CONVERSION = YES;
				GCC_WARN_ABOUT_RETURN_TYPE = YES_ERROR;
				GCC_WARN_UNDECLARED_SELECTOR = YES;
				GCC_WARN_UNINITIALIZED_AUTOS = YES_AGGRESSIVE;
				GCC_WARN_UNUSED_FUNCTION = YES;
				GCC_WARN_UNUSED_VARIABLE = YES;
				IPHONEOS_DEPLOYMENT_TARGET = 10.2;
				MTL_ENABLE_DEBUG_INFO = YES;
				ONLY_ACTIVE_ARCH = YES;
				SDKROOT = iphoneos;
				SWIFT_ACTIVE_COMPILATION_CONDITIONS = DEBUG;
				SWIFT_OPTIMIZATION_LEVEL = "-Onone";
				TARGETED_DEVICE_FAMILY = "1,2";
			};
			name = Debug;
		};
		FC29C1301E68CCF10077EDC7 /* Release */ = {
			isa = XCBuildConfiguration;
			buildSettings = {
				ALWAYS_SEARCH_USER_PATHS = NO;
				CLANG_ANALYZER_NONNULL = YES;
				CLANG_CXX_LANGUAGE_STANDARD = "gnu++0x";
				CLANG_CXX_LIBRARY = "libc++";
				CLANG_ENABLE_MODULES = YES;
				CLANG_ENABLE_OBJC_ARC = YES;
				CLANG_WARN_BOOL_CONVERSION = YES;
				CLANG_WARN_CONSTANT_CONVERSION = YES;
				CLANG_WARN_DIRECT_OBJC_ISA_USAGE = YES_ERROR;
				CLANG_WARN_DOCUMENTATION_COMMENTS = YES;
				CLANG_WARN_EMPTY_BODY = YES;
				CLANG_WARN_ENUM_CONVERSION = YES;
				CLANG_WARN_INFINITE_RECURSION = YES;
				CLANG_WARN_INT_CONVERSION = YES;
				CLANG_WARN_OBJC_ROOT_CLASS = YES_ERROR;
				CLANG_WARN_SUSPICIOUS_MOVE = YES;
				CLANG_WARN_UNREACHABLE_CODE = YES;
				CLANG_WARN__DUPLICATE_METHOD_MATCH = YES;
				"CODE_SIGN_IDENTITY[sdk=iphoneos*]" = "iPhone Developer";
				COPY_PHASE_STRIP = NO;
				DEBUG_INFORMATION_FORMAT = "dwarf-with-dsym";
				ENABLE_NS_ASSERTIONS = NO;
				ENABLE_STRICT_OBJC_MSGSEND = YES;
				GCC_C_LANGUAGE_STANDARD = gnu99;
				GCC_NO_COMMON_BLOCKS = YES;
				GCC_WARN_64_TO_32_BIT_CONVERSION = YES;
				GCC_WARN_ABOUT_RETURN_TYPE = YES_ERROR;
				GCC_WARN_UNDECLARED_SELECTOR = YES;
				GCC_WARN_UNINITIALIZED_AUTOS = YES_AGGRESSIVE;
				GCC_WARN_UNUSED_FUNCTION = YES;
				GCC_WARN_UNUSED_VARIABLE = YES;
				IPHONEOS_DEPLOYMENT_TARGET = 10.2;
				MTL_ENABLE_DEBUG_INFO = NO;
				SDKROOT = iphoneos;
				SWIFT_OPTIMIZATION_LEVEL = "-Owholemodule";
				TARGETED_DEVICE_FAMILY = "1,2";
				VALIDATE_PRODUCT = YES;
			};
			name = Release;
		};
		FC29C1321E68CCF10077EDC7 /* Debug */ = {
			isa = XCBuildConfiguration;
			buildSettings = {
				ASSETCATALOG_COMPILER_APPICON_NAME = AppIcon;
				INFOPLIST_FILE = "constraint animation/Info.plist";
				LD_RUNPATH_SEARCH_PATHS = "$(inherited) @executable_path/Frameworks";
				PRODUCT_BUNDLE_IDENTIFIER = "com.trahey.constraint-animation";
				PRODUCT_NAME = "$(TARGET_NAME)";
				SWIFT_VERSION = 3.0;
			};
			name = Debug;
		};
		FC29C1331E68CCF10077EDC7 /* Release */ = {
			isa = XCBuildConfiguration;
			buildSettings = {
				ASSETCATALOG_COMPILER_APPICON_NAME = AppIcon;
				INFOPLIST_FILE = "constraint animation/Info.plist";
				LD_RUNPATH_SEARCH_PATHS = "$(inherited) @executable_path/Frameworks";
				PRODUCT_BUNDLE_IDENTIFIER = "com.trahey.constraint-animation";
				PRODUCT_NAME = "$(TARGET_NAME)";
				SWIFT_VERSION = 3.0;
			};
			name = Release;
		};
/* End XCBuildConfiguration section */

/* Begin XCConfigurationList section */
		FC29C11A1E68CCF10077EDC7 /* Build configuration list for PBXProject "constraint animation" */ = {
			isa = XCConfigurationList;
			buildConfigurations = (
				FC29C12F1E68CCF10077EDC7 /* Debug */,
				FC29C1301E68CCF10077EDC7 /* Release */,
			);
			defaultConfigurationIsVisible = 0;
			defaultConfigurationName = Release;
		};
		FC29C1311E68CCF10077EDC7 /* Build configuration list for PBXNativeTarget "constraint animation" */ = {
			isa = XCConfigurationList;
			buildConfigurations = (
				FC29C1321E68CCF10077EDC7 /* Debug */,
				FC29C1331E68CCF10077EDC7 /* Release */,
			);
			defaultConfigurationIsVisible = 0;
		};
/* End XCConfigurationList section */
	};
	rootObject = FC29C1171E68CCF10077EDC7 /* Project object */;
}
